
Microsoft Visual Studio Solution File, Format Version 12.00
# Visual Studio Version 17
VisualStudioVersion = 17.10.35122.118
MinimumVisualStudioVersion = 10.0.40219.1
Project("{FAE04EC0-301F-11D3-BF4B-00C04F79EFBC}") = "Srp", "Srp\Srp.csproj", "{E629A062-6338-4A35-A989-387626950B6F}"
EndProject
Project("{FAE04EC0-301F-11D3-BF4B-00C04F79EFBC}") = "Ocp", "Ocp\Ocp.csproj", "{683E180B-82A8-432E-95CB-E3F8F4254578}"
EndProject
Project("{FAE04EC0-301F-11D3-BF4B-00C04F79EFBC}") = "Lsp", "Lsp\Lsp.csproj", "{A23AEABC-DBBE-43A9-BCE5-BD7651BFD010}"
EndProject
Project("{FAE04EC0-301F-11D3-BF4B-00C04F79EFBC}") = "Isp", "Isp\Isp.csproj", "{BAB6F9BC-AEAF-44BC-B683-C91635189391}"
EndProject
Project("{FAE04EC0-301F-11D3-BF4B-00C04F79EFBC}") = "Dip", "Dip\Dip.csproj", "{2A23F5A6-B57D-46AF-9CA6-9465B0BE3F15}"
EndProject
Global
	GlobalSection(SolutionConfigurationPlatforms) = preSolution
		Debug|Any CPU = Debug|Any CPU
		Release|Any CPU = Release|Any CPU
	EndGlobalSection
	GlobalSection(ProjectConfigurationPlatforms) = postSolution
		{E629A062-6338-4A35-A989-387626950B6F}.Debug|Any CPU.ActiveCfg = Debug|Any CPU
		{E629A062-6338-4A35-A989-387626950B6F}.Debug|Any CPU.Build.0 = Debug|Any CPU
		{E629A062-6338-4A35-A989-387626950B6F}.Release|Any CPU.ActiveCfg = Release|Any CPU
		{E629A062-6338-4A35-A989-387626950B6F}.Release|Any CPU.Build.0 = Release|Any CPU
		{683E180B-82A8-432E-95CB-E3F8F4254578}.Debug|Any CPU.ActiveCfg = Debug|Any CPU
		{683E180B-82A8-432E-95CB-E3F8F4254578}.Debug|Any CPU.Build.0 = Debug|Any CPU
		{683E180B-82A8-432E-95CB-E3F8F4254578}.Release|Any CPU.ActiveCfg = Release|Any CPU
		{683E180B-82A8-432E-95CB-E3F8F4254578}.Release|Any CPU.Build.0 = Release|Any CPU
		{A23AEABC-DBBE-43A9-BCE5-BD7651BFD010}.Debug|Any CPU.ActiveCfg = Debug|Any CPU
		{A23AEABC-DBBE-43A9-BCE5-BD7651BFD010}.Debug|Any CPU.Build.0 = Debug|Any CPU
		{A23AEABC-DBBE-43A9-BCE5-BD7651BFD010}.Release|Any CPU.ActiveCfg = Release|Any CPU
		{A23AEABC-DBBE-43A9-BCE5-BD7651BFD010}.Release|Any CPU.Build.0 = Release|Any CPU
		{BAB6F9BC-AEAF-44BC-B683-C91635189391}.Debug|Any CPU.ActiveCfg = Debug|Any CPU
		{BAB6F9BC-AEAF-44BC-B683-C91635189391}.Debug|Any CPU.Build.0 = Debug|Any CPU
		{BAB6F9BC-AEAF-44BC-B683-C91635189391}.Release|Any CPU.ActiveCfg = Release|Any CPU
		{BAB6F9BC-AEAF-44BC-B683-C91635189391}.Release|Any CPU.Build.0 = Release|Any CPU
		{2A23F5A6-B57D-46AF-9CA6-9465B0BE3F15}.Debug|Any CPU.ActiveCfg = Debug|Any CPU
		{2A23F5A6-B57D-46AF-9CA6-9465B0BE3F15}.Debug|Any CPU.Build.0 = Debug|Any CPU
		{2A23F5A6-B57D-46AF-9CA6-9465B0BE3F15}.Release|Any CPU.ActiveCfg = Release|Any CPU
		{2A23F5A6-B57D-46AF-9CA6-9465B0BE3F15}.Release|Any CPU.Build.0 = Release|Any CPU
	EndGlobalSection
	GlobalSection(SolutionProperties) = preSolution
		HideSolutionNode = FALSE
	EndGlobalSection
	GlobalSection(ExtensibilityGlobals) = postSolution
		SolutionGuid = {9FC709A1-7D56-4D9D-BB25-7D6E0729077F}
	EndGlobalSection
EndGlobal
